
Microsoft Visual Studio Solution File, Format Version 12.00
# Visual Studio Version 16
VisualStudioVersion = 16.0.809.10
MinimumVisualStudioVersion = 10.0.40219.1
Project("{FAE04EC0-301F-11D3-BF4B-00C04F79EFBC}") = "XamarinLogging.Sample.macOS", "XamarinLogging.Sample.macOS\XamarinLogging.Sample.macOS.csproj", "{BA4E1FB2-6D56-4EED-AFF6-4A1B237C22B7}"
EndProject
Project("{2150E333-8FDC-42A3-9474-1A3956D46DE8}") = "Native", "Native", "{D4425D2B-FF8E-49B7-B0B6-71FF7140D1A2}"
EndProject
Global
	GlobalSection(SolutionConfigurationPlatforms) = preSolution
		Debug|Any CPU = Debug|Any CPU
		Release|Any CPU = Release|Any CPU
	EndGlobalSection
	GlobalSection(ProjectConfigurationPlatforms) = postSolution
		{BA4E1FB2-6D56-4EED-AFF6-4A1B237C22B7}.Debug|Any CPU.ActiveCfg = Debug|Any CPU
		{BA4E1FB2-6D56-4EED-AFF6-4A1B237C22B7}.Debug|Any CPU.Build.0 = Debug|Any CPU
		{BA4E1FB2-6D56-4EED-AFF6-4A1B237C22B7}.Release|Any CPU.ActiveCfg = Release|Any CPU
		{BA4E1FB2-6D56-4EED-AFF6-4A1B237C22B7}.Release|Any CPU.Build.0 = Release|Any CPU
	EndGlobalSection
	GlobalSection(SolutionProperties) = preSolution
		HideSolutionNode = FALSE
	EndGlobalSection
	GlobalSection(ExtensibilityGlobals) = postSolution
		SolutionGuid = {88A2ECAA-2A63-4708-ABC5-79522E9B8262}
	EndGlobalSection
	GlobalSection(NestedProjects) = preSolution
		{BA4E1FB2-6D56-4EED-AFF6-4A1B237C22B7} = {D4425D2B-FF8E-49B7-B0B6-71FF7140D1A2}
	EndGlobalSection
EndGlobal
